
Microsoft Visual Studio Solution File, Format Version 12.00
# Visual Studio Version 17
VisualStudioVersion = 17.9.34701.34
MinimumVisualStudioVersion = 10.0.40219.1
Project("{FAE04EC0-301F-11D3-BF4B-00C04F79EFBC}") = "booman", "booman\booman.csproj", "{7354BBCB-8DE4-46B2-9E61-B39507040814}"
EndProject
Global
	GlobalSection(SolutionConfigurationPlatforms) = preSolution
		Debug|Any CPU = Debug|Any CPU
		Release|Any CPU = Release|Any CPU
	EndGlobalSection
	GlobalSection(ProjectConfigurationPlatforms) = postSolution
		{7354BBCB-8DE4-46B2-9E61-B39507040814}.Debug|Any CPU.ActiveCfg = Debug|Any CPU
		{7354BBCB-8DE4-46B2-9E61-B39507040814}.Debug|Any CPU.Build.0 = Debug|Any CPU
		{7354BBCB-8DE4-46B2-9E61-B39507040814}.Release|Any CPU.ActiveCfg = Release|Any CPU
		{7354BBCB-8DE4-46B2-9E61-B39507040814}.Release|Any CPU.Build.0 = Release|Any CPU
	EndGlobalSection
	GlobalSection(SolutionProperties) = preSolution
		HideSolutionNode = FALSE
	EndGlobalSection
	GlobalSection(ExtensibilityGlobals) = postSolution
		SolutionGuid = {F66ACAD1-85F7-4569-93AE-0926E9F73555}
	EndGlobalSection
EndGlobal
